<?xml version="1.0" encoding="utf-8"?>
<Project ToolsVersion="4.0" xmlns="http://schemas.microsoft.com/developer/msbuild/2003">
  <ItemGroup>
    <Filter Include="Исходные файлы">
      <UniqueIdentifier>{4FC737F1-C7A5-4376-A066-2A32D752A2FF}</UniqueIdentifier>
      <Extensions>cpp;c;cc;cxx;c++;cppm;ixx;def;odl;idl;hpj;bat;asm;asmx</Extensions>
    </Filter>
    <Filter Include="Файлы заголовков">
      <UniqueIdentifier>{93995380-89BD-4b04-88EB-625FBE52EBFB}</UniqueIdentifier>
      <Extensions>h;hh;hpp;hxx;h++;hm;inl;inc;ipp;xsd</Extensions>
    </Filter>
    <Filter Include="Файлы ресурсов">
      <UniqueIdentifier>{67DA6AB6-F800-4c08-8B7A-83BB121AAD01}</UniqueIdentifier>
      <Extensions>rc;ico;cur;bmp;dlg;rc2;rct;bin;rgs;gif;jpg;jpeg;jpe;resx;tiff;tif;png;wav;mfcribbon-ms</Extensions>
    </Filter>
    <Filter Include="Исходные файлы\Money">
      <UniqueIdentifier>{7ae084f3-9920-4af1-a4f5-9be0629100d1}</UniqueIdentifier>
    </Filter>
    <Filter Include="Исходные файлы\Money\Interfaces">
      <UniqueIdentifier>{3352f15c-2927-467d-b11b-6bcf0a906c21}</UniqueIdentifier>
    </Filter>
  </ItemGroup>
  <ItemGroup>
    <ClCompile Include="FinancialManager.cpp">
      <Filter>Исходные файлы</Filter>
    </ClCompile>
    <ClCompile Include="CreditCard.h">
      <Filter>Исходные файлы\Money</Filter>
    </ClCompile>
    <ClCompile Include="IDebitCard.h">
      <Filter>Исходные файлы\Money\Interfaces</Filter>
    </ClCompile>
  </ItemGroup>
  <ItemGroup>
    <ClInclude Include="User.h">
      <Filter>Исходные файлы</Filter>
    </ClInclude>
    <ClInclude Include="Functions.h">
      <Filter>Исходные файлы</Filter>
    </ClInclude>
    <ClInclude Include="Wallet.h">
      <Filter>Исходные файлы</Filter>
    </ClInclude>
    <ClInclude Include="DebitCard.h">
      <Filter>Исходные файлы\Money</Filter>
    </ClInclude>
    <ClInclude Include="ICreditCard.h">
      <Filter>Исходные файлы\Money\Interfaces</Filter>
    </ClInclude>
    <ClInclude Include="Money.h">
      <Filter>Исходные файлы\Money\Interfaces</Filter>
    </ClInclude>
    <ClInclude Include="Cash.h">
      <Filter>Исходные файлы\Money</Filter>
    </ClInclude>
  </ItemGroup>
</Project>